<?xml version="1.0" encoding="utf-8"?>
<Project ToolsVersion="4.0" xmlns="http://schemas.microsoft.com/developer/msbuild/2003">
  <ItemGroup>
    <ClCompile Include="SVAO.cpp" />
    <ClCompile Include="VAOSettings.cpp" />
  </ItemGroup>
  <ItemGroup>
    <ClInclude Include="SVAO.h" />
    <ClInclude Include="VAOSettings.h" />
  </ItemGroup>
  <ItemGroup>
    <ShaderSource Include="VAOData.slang" />
    <ShaderSource Include="Raster.ps.slang" />
    <ShaderSource Include="Common.slang" />
    <ShaderSource Include="Raster2.ps.slang" />
    <ShaderSource Include="CopyStencil.ps.slang" />
    <ShaderSource Include="Ray.rt.slang" />
  </ItemGroup>
</Project>