<?xml version="1.0" encoding="utf-8"?>
<Project ToolsVersion="4.0" xmlns="http://schemas.microsoft.com/developer/msbuild/2003">
  <ItemGroup>
    <ClCompile Include="VAONonInterleaved.cpp" />
    <ClCompile Include="VAONonInterleaved2.cpp" />
    <ClCompile Include="VAOSettings.cpp" />
  </ItemGroup>
  <ItemGroup>
    <ClInclude Include="VAONonInterleaved.h" />
    <ClInclude Include="VAONonInterleaved2.h" />
    <ClInclude Include="VAOSettings.h" />
  </ItemGroup>
  <ItemGroup>
    <ShaderSource Include="VAOData.slang" />
    <ShaderSource Include="Raster.ps.slang" />
  </ItemGroup>
</Project>