<?xml version="1.0" encoding="utf-8"?>
<Project ToolsVersion="4.0" xmlns="http://schemas.microsoft.com/developer/msbuild/2003">
  <ItemGroup>
    <ClCompile Include="VAO.cpp" />
  </ItemGroup>
  <ItemGroup>
    <ClInclude Include="VAO.h" />
    <ClInclude Include="DepthMode.h" />
    <ClInclude Include="scissors.h" />
  </ItemGroup>
  <ItemGroup>
    <ShaderSource Include="SSAO.ps.slang" />
    <ShaderSource Include="SSAOData.slang" />
  </ItemGroup>
</Project>