<?xml version="1.0" encoding="utf-8"?>
<Project ToolsVersion="4.0" xmlns="http://schemas.microsoft.com/developer/msbuild/2003">
  <ItemGroup>
    <ClCompile Include="RTAODenoiser.cpp" />
  </ItemGroup>
  <ItemGroup>
    <ClInclude Include="RTAODenoiser.h" />
  </ItemGroup>
  <ItemGroup>
    <ShaderSource Include="TSSReverseReproject.cs.slang" />
    <ShaderSource Include="RTAODenoiserData.slang" />
  </ItemGroup>
</Project>