<?xml version="1.0" encoding="utf-8"?>
<Project ToolsVersion="4.0" xmlns="http://schemas.microsoft.com/developer/msbuild/2003">
  <ItemGroup>
    <ClCompile Include="DualDepthPass.cpp" />
  </ItemGroup>
  <ItemGroup>
    <ClInclude Include="DualDepthPass.h" />
  </ItemGroup>
  <ItemGroup>
    <ShaderSource Include="DsvUavPass.slang" />
    <ShaderSource Include="DepthPeel1.slang" />
    <ShaderSource Include="DepthPeel2.slang" />
    <ShaderSource Include="UavPass.slang" />
    <ShaderSource Include="Ray.slang" />
  </ItemGroup>
</Project>