<?xml version="1.0" encoding="utf-8"?>
<Project ToolsVersion="4.0" xmlns="http://schemas.microsoft.com/developer/msbuild/2003">
  <ItemGroup>
    <ClCompile Include="DeinterleaveTexture.cpp" />
  </ItemGroup>
  <ItemGroup>
    <ClInclude Include="DeinterleaveTexture.h" />
  </ItemGroup>
  <ItemGroup>
    <ShaderSource Include="Deinterleave.slang" />
  </ItemGroup>
</Project>